
Microsoft Visual Studio Solution File, Format Version 12.00
# Visual Studio Version 17
VisualStudioVersion = 17.5.33516.290
MinimumVisualStudioVersion = 10.0.40219.1
Project("{FAE04EC0-301F-11D3-BF4B-00C04F79EFBC}") = "CarAPI", "CarAPI\CarAPI.csproj", "{E5D4D5EB-7540-485F-8736-0353DE1B9CAB}"
EndProject
Global
	GlobalSection(SolutionConfigurationPlatforms) = preSolution
		Debug|Any CPU = Debug|Any CPU
		Release|Any CPU = Release|Any CPU
	EndGlobalSection
	GlobalSection(ProjectConfigurationPlatforms) = postSolution
		{E5D4D5EB-7540-485F-8736-0353DE1B9CAB}.Debug|Any CPU.ActiveCfg = Debug|Any CPU
		{E5D4D5EB-7540-485F-8736-0353DE1B9CAB}.Debug|Any CPU.Build.0 = Debug|Any CPU
		{E5D4D5EB-7540-485F-8736-0353DE1B9CAB}.Release|Any CPU.ActiveCfg = Release|Any CPU
		{E5D4D5EB-7540-485F-8736-0353DE1B9CAB}.Release|Any CPU.Build.0 = Release|Any CPU
	EndGlobalSection
	GlobalSection(SolutionProperties) = preSolution
		HideSolutionNode = FALSE
	EndGlobalSection
	GlobalSection(ExtensibilityGlobals) = postSolution
		SolutionGuid = {D1555C7F-CA44-4D41-9B61-0F6CD747BFC6}
	EndGlobalSection
EndGlobal
